Microsoft Visual Studio Solution File, Format Version 11.00
# Visual Studio 2010
Project("{FAE04EC0-301F-11D3-BF4B-00C04F79EFBC}") = "BKI_HRM.DS", "BKI_HRM.DS\BKI_HRM.DS.csproj", "{4AEBA63F-E5B5-4D0C-B1B5-E6BCB13E1B5A}"
EndProject
Project("{FAE04EC0-301F-11D3-BF4B-00C04F79EFBC}") = "BKI_HRM.US", "BKI_HRM.US\BKI_HRM.US.csproj", "{CAFDA83F-D091-49BF-816F-F7A7A72C68EC}"
EndProject
Project("{F184B08F-C81C-45F6-A57F-5ABD9991F28F}") = "IPBusinessService", "IPBusinessService\IPBusinessService.vbproj", "{73CA732C-2CFB-4A14-B0B9-F43763B1C2F3}"
EndProject
Project("{F184B08F-C81C-45F6-A57F-5ABD9991F28F}") = "IPCommon", "IPCommon\IPCommon.vbproj", "{2A74F1D1-C0EE-41FE-A708-A83B285ACCF2}"
EndProject
Project("{FAE04EC0-301F-11D3-BF4B-00C04F79EFBC}") = "IPComponent", "IPComponent\IPComponent.csproj", "{5A01BAA7-983C-46F7-BBEB-722E5344996A}"
EndProject
Project("{F184B08F-C81C-45F6-A57F-5ABD9991F28F}") = "IPData", "IPData\IPData.vbproj", "{9ACEDD70-FDA2-44D8-A004-3A7EAF86A954}"
EndProject
Project("{F184B08F-C81C-45F6-A57F-5ABD9991F28F}") = "IPExcelReport", "IPExcelReport\IPExcelReport.vbproj", "{957C06D0-FF42-4C7A-B5E8-7E15C1522B59}"
EndProject
Project("{F184B08F-C81C-45F6-A57F-5ABD9991F28F}") = "IPExcelReportWeb", "IPExcelReportWeb\IPExcelReportWeb.vbproj", "{A361725C-859E-4C35-AA0C-8DFC1F244350}"
EndProject
Project("{F184B08F-C81C-45F6-A57F-5ABD9991F28F}") = "IPExcelWebReport", "IPExcelWebReport\IPExcelWebReport.vbproj", "{AB5E4EFF-2002-4309-AE0B-EE58A1C28DF1}"
EndProject
Project("{F184B08F-C81C-45F6-A57F-5ABD9991F28F}") = "IPException", "IPException\IPException.vbproj", "{B73156C2-7034-4DEA-A308-5E1782FF8DB4}"
EndProject
Project("{F184B08F-C81C-45F6-A57F-5ABD9991F28F}") = "IPSystemAdmin", "IPSystemAdmin\IPSystemAdmin.vbproj", "{455CD3A5-79BA-480A-B9BD-D4A7DDA397A8}"
EndProject
Project("{F184B08F-C81C-45F6-A57F-5ABD9991F28F}") = "IPUserService", "IPUserService\IPUserService.vbproj", "{B490EA92-2990-4CBB-B58B-12901AFCCCB5}"
EndProject
Project("{F184B08F-C81C-45F6-A57F-5ABD9991F28F}") = "IPWordReport", "IPWordReport\IPWordReport.vbproj", "{0ADF180C-9644-4B81-ABB6-93FEE0C11A01}"
EndProject
Project("{FAE04EC0-301F-11D3-BF4B-00C04F79EFBC}") = "BKI_HRM", "BKI_HRM\BKI_HRM.csproj", "{B91F4BE2-5024-4012-A4A8-4E52E8609778}"
EndProject
Global
	GlobalSection(SolutionConfigurationPlatforms) = preSolution
		BondDebug|Any CPU = BondDebug|Any CPU
		BondDebug|Mixed Platforms = BondDebug|Mixed Platforms
		BondDebug|x86 = BondDebug|x86
		Debug|Any CPU = Debug|Any CPU
		Debug|Mixed Platforms = Debug|Mixed Platforms
		Debug|x86 = Debug|x86
		iFASDebug|Any CPU = iFASDebug|Any CPU
		iFASDebug|Mixed Platforms = iFASDebug|Mixed Platforms
		iFASDebug|x86 = iFASDebug|x86
		PersonalBuild|Any CPU = PersonalBuild|Any CPU
		PersonalBuild|Mixed Platforms = PersonalBuild|Mixed Platforms
		PersonalBuild|x86 = PersonalBuild|x86
		Release|Any CPU = Release|Any CPU
		Release|Mixed Platforms = Release|Mixed Platforms
		Release|x86 = Release|x86
		SIPDebug|Any CPU = SIPDebug|Any CPU
		SIPDebug|Mixed Platforms = SIPDebug|Mixed Platforms
		SIPDebug|x86 = SIPDebug|x86
	EndGlobalSection
	GlobalSection(ProjectConfigurationPlatforms) = postSolution
		{4AEBA63F-E5B5-4D0C-B1B5-E6BCB13E1B5A}.BondDebug|Any CPU.ActiveCfg = Debug|Any CPU
		{4AEBA63F-E5B5-4D0C-B1B5-E6BCB13E1B5A}.BondDebug|Any CPU.Build.0 = Debug|Any CPU
		{4AEBA63F-E5B5-4D0C-B1B5-E6BCB13E1B5A}.BondDebug|Mixed Platforms.ActiveCfg = Debug|Any CPU
		{4AEBA63F-E5B5-4D0C-B1B5-E6BCB13E1B5A}.BondDebug|Mixed Platforms.Build.0 = Debug|Any CPU
		{4AEBA63F-E5B5-4D0C-B1B5-E6BCB13E1B5A}.BondDebug|x86.ActiveCfg = Debug|Any CPU
		{4AEBA63F-E5B5-4D0C-B1B5-E6BCB13E1B5A}.Debug|Any CPU.ActiveCfg = Debug|Any CPU
		{4AEBA63F-E5B5-4D0C-B1B5-E6BCB13E1B5A}.Debug|Any CPU.Build.0 = Debug|Any CPU
		{4AEBA63F-E5B5-4D0C-B1B5-E6BCB13E1B5A}.Debug|Mixed Platforms.ActiveCfg = Debug|Any CPU
		{4AEBA63F-E5B5-4D0C-B1B5-E6BCB13E1B5A}.Debug|Mixed Platforms.Build.0 = Debug|Any CPU
		{4AEBA63F-E5B5-4D0C-B1B5-E6BCB13E1B5A}.Debug|x86.ActiveCfg = Debug|Any CPU
		{4AEBA63F-E5B5-4D0C-B1B5-E6BCB13E1B5A}.iFASDebug|Any CPU.ActiveCfg = Debug|Any CPU
		{4AEBA63F-E5B5-4D0C-B1B5-E6BCB13E1B5A}.iFASDebug|Any CPU.Build.0 = Debug|Any CPU
		{4AEBA63F-E5B5-4D0C-B1B5-E6BCB13E1B5A}.iFASDebug|Mixed Platforms.ActiveCfg = Debug|Any CPU
		{4AEBA63F-E5B5-4D0C-B1B5-E6BCB13E1B5A}.iFASDebug|Mixed Platforms.Build.0 = Debug|Any CPU
		{4AEBA63F-E5B5-4D0C-B1B5-E6BCB13E1B5A}.iFASDebug|x86.ActiveCfg = Debug|Any CPU
		{4AEBA63F-E5B5-4D0C-B1B5-E6BCB13E1B5A}.PersonalBuild|Any CPU.ActiveCfg = Release|Any CPU
		{4AEBA63F-E5B5-4D0C-B1B5-E6BCB13E1B5A}.PersonalBuild|Any CPU.Build.0 = Release|Any CPU
		{4AEBA63F-E5B5-4D0C-B1B5-E6BCB13E1B5A}.PersonalBuild|Mixed Platforms.ActiveCfg = Release|Any CPU
		{4AEBA63F-E5B5-4D0C-B1B5-E6BCB13E1B5A}.PersonalBuild|Mixed Platforms.Build.0 = Release|Any CPU
		{4AEBA63F-E5B5-4D0C-B1B5-E6BCB13E1B5A}.PersonalBuild|x86.ActiveCfg = Release|Any CPU
		{4AEBA63F-E5B5-4D0C-B1B5-E6BCB13E1B5A}.Release|Any CPU.ActiveCfg = Release|Any CPU
		{4AEBA63F-E5B5-4D0C-B1B5-E6BCB13E1B5A}.Release|Any CPU.Build.0 = Release|Any CPU
		{4AEBA63F-E5B5-4D0C-B1B5-E6BCB13E1B5A}.Release|Mixed Platforms.ActiveCfg = Release|Any CPU
		{4AEBA63F-E5B5-4D0C-B1B5-E6BCB13E1B5A}.Release|Mixed Platforms.Build.0 = Release|Any CPU
		{4AEBA63F-E5B5-4D0C-B1B5-E6BCB13E1B5A}.Release|x86.ActiveCfg = Release|Any CPU
		{4AEBA63F-E5B5-4D0C-B1B5-E6BCB13E1B5A}.SIPDebug|Any CPU.ActiveCfg = Debug|Any CPU
		{4AEBA63F-E5B5-4D0C-B1B5-E6BCB13E1B5A}.SIPDebug|Any CPU.Build.0 = Debug|Any CPU
		{4AEBA63F-E5B5-4D0C-B1B5-E6BCB13E1B5A}.SIPDebug|Mixed Platforms.ActiveCfg = Debug|Any CPU
		{4AEBA63F-E5B5-4D0C-B1B5-E6BCB13E1B5A}.SIPDebug|Mixed Platforms.Build.0 = Debug|Any CPU
		{4AEBA63F-E5B5-4D0C-B1B5-E6BCB13E1B5A}.SIPDebug|x86.ActiveCfg = Debug|Any CPU
		{CAFDA83F-D091-49BF-816F-F7A7A72C68EC}.BondDebug|Any CPU.ActiveCfg = Debug|Any CPU
		{CAFDA83F-D091-49BF-816F-F7A7A72C68EC}.BondDebug|Any CPU.Build.0 = Debug|Any CPU
		{CAFDA83F-D091-49BF-816F-F7A7A72C68EC}.BondDebug|Mixed Platforms.ActiveCfg = Debug|Any CPU
		{CAFDA83F-D091-49BF-816F-F7A7A72C68EC}.BondDebug|Mixed Platforms.Build.0 = Debug|Any CPU
		{CAFDA83F-D091-49BF-816F-F7A7A72C68EC}.BondDebug|x86.ActiveCfg = Debug|Any CPU
		{CAFDA83F-D091-49BF-816F-F7A7A72C68EC}.Debug|Any CPU.ActiveCfg = Debug|Any CPU
		{CAFDA83F-D091-49BF-816F-F7A7A72C68EC}.Debug|Any CPU.Build.0 = Debug|Any CPU
		{CAFDA83F-D091-49BF-816F-F7A7A72C68EC}.Debug|Mixed Platforms.ActiveCfg = Debug|Any CPU
		{CAFDA83F-D091-49BF-816F-F7A7A72C68EC}.Debug|Mixed Platforms.Build.0 = Debug|Any CPU
		{CAFDA83F-D091-49BF-816F-F7A7A72C68EC}.Debug|x86.ActiveCfg = Debug|Any CPU
		{CAFDA83F-D091-49BF-816F-F7A7A72C68EC}.iFASDebug|Any CPU.ActiveCfg = Debug|Any CPU
		{CAFDA83F-D091-49BF-816F-F7A7A72C68EC}.iFASDebug|Any CPU.Build.0 = Debug|Any CPU
		{CAFDA83F-D091-49BF-816F-F7A7A72C68EC}.iFASDebug|Mixed Platforms.ActiveCfg = Debug|Any CPU
		{CAFDA83F-D091-49BF-816F-F7A7A72C68EC}.iFASDebug|Mixed Platforms.Build.0 = Debug|Any CPU
		{CAFDA83F-D091-49BF-816F-F7A7A72C68EC}.iFASDebug|x86.ActiveCfg = Debug|Any CPU
		{CAFDA83F-D091-49BF-816F-F7A7A72C68EC}.PersonalBuild|Any CPU.ActiveCfg = Release|Any CPU
		{CAFDA83F-D091-49BF-816F-F7A7A72C68EC}.PersonalBuild|Any CPU.Build.0 = Release|Any CPU
		{CAFDA83F-D091-49BF-816F-F7A7A72C68EC}.PersonalBuild|Mixed Platforms.ActiveCfg = Release|Any CPU
		{CAFDA83F-D091-49BF-816F-F7A7A72C68EC}.PersonalBuild|Mixed Platforms.Build.0 = Release|Any CPU
		{CAFDA83F-D091-49BF-816F-F7A7A72C68EC}.PersonalBuild|x86.ActiveCfg = Release|Any CPU
		{CAFDA83F-D091-49BF-816F-F7A7A72C68EC}.Release|Any CPU.ActiveCfg = Release|Any CPU
		{CAFDA83F-D091-49BF-816F-F7A7A72C68EC}.Release|Any CPU.Build.0 = Release|Any CPU
		{CAFDA83F-D091-49BF-816F-F7A7A72C68EC}.Release|Mixed Platforms.ActiveCfg = Release|Any CPU
		{CAFDA83F-D091-49BF-816F-F7A7A72C68EC}.Release|Mixed Platforms.Build.0 = Release|Any CPU
		{CAFDA83F-D091-49BF-816F-F7A7A72C68EC}.Release|x86.ActiveCfg = Release|Any CPU
		{CAFDA83F-D091-49BF-816F-F7A7A72C68EC}.SIPDebug|Any CPU.ActiveCfg = Debug|Any CPU
		{CAFDA83F-D091-49BF-816F-F7A7A72C68EC}.SIPDebug|Any CPU.Build.0 = Debug|Any CPU
		{CAFDA83F-D091-49BF-816F-F7A7A72C68EC}.SIPDebug|Mixed Platforms.ActiveCfg = Debug|Any CPU
		{CAFDA83F-D091-49BF-816F-F7A7A72C68EC}.SIPDebug|Mixed Platforms.Build.0 = Debug|Any CPU
		{CAFDA83F-D091-49BF-816F-F7A7A72C68EC}.SIPDebug|x86.ActiveCfg = Debug|Any CPU
		{73CA732C-2CFB-4A14-B0B9-F43763B1C2F3}.BondDebug|Any CPU.ActiveCfg = Debug|Any CPU
		{73CA732C-2CFB-4A14-B0B9-F43763B1C2F3}.BondDebug|Any CPU.Build.0 = Debug|Any CPU
		{73CA732C-2CFB-4A14-B0B9-F43763B1C2F3}.BondDebug|Mixed Platforms.ActiveCfg = Debug|Any CPU
		{73CA732C-2CFB-4A14-B0B9-F43763B1C2F3}.BondDebug|Mixed Platforms.Build.0 = Debug|Any CPU
		{73CA732C-2CFB-4A14-B0B9-F43763B1C2F3}.BondDebug|x86.ActiveCfg = Debug|Any CPU
		{73CA732C-2CFB-4A14-B0B9-F43763B1C2F3}.Debug|Any CPU.ActiveCfg = Debug|Any CPU
		{73CA732C-2CFB-4A14-B0B9-F43763B1C2F3}.Debug|Any CPU.Build.0 = Debug|Any CPU
		{73CA732C-2CFB-4A14-B0B9-F43763B1C2F3}.Debug|Mixed Platforms.ActiveCfg = Debug|Any CPU
		{73CA732C-2CFB-4A14-B0B9-F43763B1C2F3}.Debug|Mixed Platforms.Build.0 = Debug|Any CPU
		{73CA732C-2CFB-4A14-B0B9-F43763B1C2F3}.Debug|x86.ActiveCfg = Debug|Any CPU
		{73CA732C-2CFB-4A14-B0B9-F43763B1C2F3}.iFASDebug|Any CPU.ActiveCfg = Debug|Any CPU
		{73CA732C-2CFB-4A14-B0B9-F43763B1C2F3}.iFASDebug|Any CPU.Build.0 = Debug|Any CPU
		{73CA732C-2CFB-4A14-B0B9-F43763B1C2F3}.iFASDebug|Mixed Platforms.ActiveCfg = Debug|Any CPU
		{73CA732C-2CFB-4A14-B0B9-F43763B1C2F3}.iFASDebug|Mixed Platforms.Build.0 = Debug|Any CPU
		{73CA732C-2CFB-4A14-B0B9-F43763B1C2F3}.iFASDebug|x86.ActiveCfg = Debug|Any CPU
		{73CA732C-2CFB-4A14-B0B9-F43763B1C2F3}.PersonalBuild|Any CPU.ActiveCfg = PersonalBuild|Any CPU
		{73CA732C-2CFB-4A14-B0B9-F43763B1C2F3}.PersonalBuild|Any CPU.Build.0 = PersonalBuild|Any CPU
		{73CA732C-2CFB-4A14-B0B9-F43763B1C2F3}.PersonalBuild|Mixed Platforms.ActiveCfg = PersonalBuild|Any CPU
		{73CA732C-2CFB-4A14-B0B9-F43763B1C2F3}.PersonalBuild|Mixed Platforms.Build.0 = PersonalBuild|Any CPU
		{73CA732C-2CFB-4A14-B0B9-F43763B1C2F3}.PersonalBuild|x86.ActiveCfg = PersonalBuild|Any CPU
		{73CA732C-2CFB-4A14-B0B9-F43763B1C2F3}.Release|Any CPU.ActiveCfg = Release|Any CPU
		{73CA732C-2CFB-4A14-B0B9-F43763B1C2F3}.Release|Any CPU.Build.0 = Release|Any CPU
		{73CA732C-2CFB-4A14-B0B9-F43763B1C2F3}.Release|Mixed Platforms.ActiveCfg = Release|Any CPU
		{73CA732C-2CFB-4A14-B0B9-F43763B1C2F3}.Release|Mixed Platforms.Build.0 = Release|Any CPU
		{73CA732C-2CFB-4A14-B0B9-F43763B1C2F3}.Release|x86.ActiveCfg = Release|Any CPU
		{73CA732C-2CFB-4A14-B0B9-F43763B1C2F3}.SIPDebug|Any CPU.ActiveCfg = Debug|Any CPU
		{73CA732C-2CFB-4A14-B0B9-F43763B1C2F3}.SIPDebug|Any CPU.Build.0 = Debug|Any CPU
		{73CA732C-2CFB-4A14-B0B9-F43763B1C2F3}.SIPDebug|Mixed Platforms.ActiveCfg = Debug|Any CPU
		{73CA732C-2CFB-4A14-B0B9-F43763B1C2F3}.SIPDebug|Mixed Platforms.Build.0 = Debug|Any CPU
		{73CA732C-2CFB-4A14-B0B9-F43763B1C2F3}.SIPDebug|x86.ActiveCfg = Debug|Any CPU
		{2A74F1D1-C0EE-41FE-A708-A83B285ACCF2}.BondDebug|Any CPU.ActiveCfg = Debug|Any CPU
		{2A74F1D1-C0EE-41FE-A708-A83B285ACCF2}.BondDebug|Any CPU.Build.0 = Debug|Any CPU
		{2A74F1D1-C0EE-41FE-A708-A83B285ACCF2}.BondDebug|Mixed Platforms.ActiveCfg = Debug|Any CPU
		{2A74F1D1-C0EE-41FE-A708-A83B285ACCF2}.BondDebug|Mixed Platforms.Build.0 = Debug|Any CPU
		{2A74F1D1-C0EE-41FE-A708-A83B285ACCF2}.BondDebug|x86.ActiveCfg = Debug|Any CPU
		{2A74F1D1-C0EE-41FE-A708-A83B285ACCF2}.Debug|Any CPU.ActiveCfg = Debug|Any CPU
		{2A74F1D1-C0EE-41FE-A708-A83B285ACCF2}.Debug|Any CPU.Build.0 = Debug|Any CPU
		{2A74F1D1-C0EE-41FE-A708-A83B285ACCF2}.Debug|Mixed Platforms.ActiveCfg = Debug|Any CPU
		{2A74F1D1-C0EE-41FE-A708-A83B285ACCF2}.Debug|Mixed Platforms.Build.0 = Debug|Any CPU
		{2A74F1D1-C0EE-41FE-A708-A83B285ACCF2}.Debug|x86.ActiveCfg = Debug|Any CPU
		{2A74F1D1-C0EE-41FE-A708-A83B285ACCF2}.iFASDebug|Any CPU.ActiveCfg = Debug|Any CPU
		{2A74F1D1-C0EE-41FE-A708-A83B285ACCF2}.iFASDebug|Any CPU.Build.0 = Debug|Any CPU
		{2A74F1D1-C0EE-41FE-A708-A83B285ACCF2}.iFASDebug|Mixed Platforms.ActiveCfg = Debug|Any CPU
		{2A74F1D1-C0EE-41FE-A708-A83B285ACCF2}.iFASDebug|Mixed Platforms.Build.0 = Debug|Any CPU
		{2A74F1D1-C0EE-41FE-A708-A83B285ACCF2}.iFASDebug|x86.ActiveCfg = Debug|Any CPU
		{2A74F1D1-C0EE-41FE-A708-A83B285ACCF2}.PersonalBuild|Any CPU.ActiveCfg = PersonalBuild|Any CPU
		{2A74F1D1-C0EE-41FE-A708-A83B285ACCF2}.PersonalBuild|Any CPU.Build.0 = PersonalBuild|Any CPU
		{2A74F1D1-C0EE-41FE-A708-A83B285ACCF2}.PersonalBuild|Mixed Platforms.ActiveCfg = PersonalBuild|Any CPU
		{2A74F1D1-C0EE-41FE-A708-A83B285ACCF2}.PersonalBuild|Mixed Platforms.Build.0 = PersonalBuild|Any CPU
		{2A74F1D1-C0EE-41FE-A708-A83B285ACCF2}.PersonalBuild|x86.ActiveCfg = PersonalBuild|Any CPU
		{2A74F1D1-C0EE-41FE-A708-A83B285ACCF2}.Release|Any CPU.ActiveCfg = Release|Any CPU
		{2A74F1D1-C0EE-41FE-A708-A83B285ACCF2}.Release|Any CPU.Build.0 = Release|Any CPU
		{2A74F1D1-C0EE-41FE-A708-A83B285ACCF2}.Release|Mixed Platforms.ActiveCfg = Release|Any CPU
		{2A74F1D1-C0EE-41FE-A708-A83B285ACCF2}.Release|Mixed Platforms.Build.0 = Release|Any CPU
		{2A74F1D1-C0EE-41FE-A708-A83B285ACCF2}.Release|x86.ActiveCfg = Release|Any CPU
		{2A74F1D1-C0EE-41FE-A708-A83B285ACCF2}.SIPDebug|Any CPU.ActiveCfg = Debug|Any CPU
		{2A74F1D1-C0EE-41FE-A708-A83B285ACCF2}.SIPDebug|Any CPU.Build.0 = Debug|Any CPU
		{2A74F1D1-C0EE-41FE-A708-A83B285ACCF2}.SIPDebug|Mixed Platforms.ActiveCfg = Debug|Any CPU
		{2A74F1D1-C0EE-41FE-A708-A83B285ACCF2}.SIPDebug|Mixed Platforms.Build.0 = Debug|Any CPU
		{2A74F1D1-C0EE-41FE-A708-A83B285ACCF2}.SIPDebug|x86.ActiveCfg = Debug|Any CPU
		{5A01BAA7-983C-46F7-BBEB-722E5344996A}.BondDebug|Any CPU.ActiveCfg = Debug|x86
		{5A01BAA7-983C-46F7-BBEB-722E5344996A}.BondDebug|Mixed Platforms.ActiveCfg = Debug|x86
		{5A01BAA7-983C-46F7-BBEB-722E5344996A}.BondDebug|Mixed Platforms.Build.0 = Debug|x86
		{5A01BAA7-983C-46F7-BBEB-722E5344996A}.BondDebug|x86.ActiveCfg = Debug|x86
		{5A01BAA7-983C-46F7-BBEB-722E5344996A}.BondDebug|x86.Build.0 = Debug|x86
		{5A01BAA7-983C-46F7-BBEB-722E5344996A}.Debug|Any CPU.ActiveCfg = Debug|x86
		{5A01BAA7-983C-46F7-BBEB-722E5344996A}.Debug|Mixed Platforms.ActiveCfg = Debug|x86
		{5A01BAA7-983C-46F7-BBEB-722E5344996A}.Debug|Mixed Platforms.Build.0 = Debug|x86
		{5A01BAA7-983C-46F7-BBEB-722E5344996A}.Debug|x86.ActiveCfg = Debug|x86
		{5A01BAA7-983C-46F7-BBEB-722E5344996A}.Debug|x86.Build.0 = Debug|x86
		{5A01BAA7-983C-46F7-BBEB-722E5344996A}.iFASDebug|Any CPU.ActiveCfg = Debug|x86
		{5A01BAA7-983C-46F7-BBEB-722E5344996A}.iFASDebug|Mixed Platforms.ActiveCfg = Debug|x86
		{5A01BAA7-983C-46F7-BBEB-722E5344996A}.iFASDebug|Mixed Platforms.Build.0 = Debug|x86
		{5A01BAA7-983C-46F7-BBEB-722E5344996A}.iFASDebug|x86.ActiveCfg = Debug|x86
		{5A01BAA7-983C-46F7-BBEB-722E5344996A}.iFASDebug|x86.Build.0 = Debug|x86
		{5A01BAA7-983C-46F7-BBEB-722E5344996A}.PersonalBuild|Any CPU.ActiveCfg = Release|x86
		{5A01BAA7-983C-46F7-BBEB-722E5344996A}.PersonalBuild|Mixed Platforms.ActiveCfg = Release|x86
		{5A01BAA7-983C-46F7-BBEB-722E5344996A}.PersonalBuild|Mixed Platforms.Build.0 = Release|x86
		{5A01BAA7-983C-46F7-BBEB-722E5344996A}.PersonalBuild|x86.ActiveCfg = Release|x86
		{5A01BAA7-983C-46F7-BBEB-722E5344996A}.PersonalBuild|x86.Build.0 = Release|x86
		{5A01BAA7-983C-46F7-BBEB-722E5344996A}.Release|Any CPU.ActiveCfg = Release|x86
		{5A01BAA7-983C-46F7-BBEB-722E5344996A}.Release|Mixed Platforms.ActiveCfg = Release|x86
		{5A01BAA7-983C-46F7-BBEB-722E5344996A}.Release|Mixed Platforms.Build.0 = Release|x86
		{5A01BAA7-983C-46F7-BBEB-722E5344996A}.Release|x86.ActiveCfg = Release|x86
		{5A01BAA7-983C-46F7-BBEB-722E5344996A}.Release|x86.Build.0 = Release|x86
		{5A01BAA7-983C-46F7-BBEB-722E5344996A}.SIPDebug|Any CPU.ActiveCfg = Debug|x86
		{5A01BAA7-983C-46F7-BBEB-722E5344996A}.SIPDebug|Mixed Platforms.ActiveCfg = Debug|x86
		{5A01BAA7-983C-46F7-BBEB-722E5344996A}.SIPDebug|Mixed Platforms.Build.0 = Debug|x86
		{5A01BAA7-983C-46F7-BBEB-722E5344996A}.SIPDebug|x86.ActiveCfg = Debug|x86
		{5A01BAA7-983C-46F7-BBEB-722E5344996A}.SIPDebug|x86.Build.0 = Debug|x86
		{9ACEDD70-FDA2-44D8-A004-3A7EAF86A954}.BondDebug|Any CPU.ActiveCfg = Debug|Any CPU
		{9ACEDD70-FDA2-44D8-A004-3A7EAF86A954}.BondDebug|Any CPU.Build.0 = Debug|Any CPU
		{9ACEDD70-FDA2-44D8-A004-3A7EAF86A954}.BondDebug|Mixed Platforms.ActiveCfg = Debug|Any CPU
		{9ACEDD70-FDA2-44D8-A004-3A7EAF86A954}.BondDebug|Mixed Platforms.Build.0 = Debug|Any CPU
		{9ACEDD70-FDA2-44D8-A004-3A7EAF86A954}.BondDebug|x86.ActiveCfg = Debug|Any CPU
		{9ACEDD70-FDA2-44D8-A004-3A7EAF86A954}.Debug|Any CPU.ActiveCfg = Debug|Any CPU
		{9ACEDD70-FDA2-44D8-A004-3A7EAF86A954}.Debug|Any CPU.Build.0 = Debug|Any CPU
		{9ACEDD70-FDA2-44D8-A004-3A7EAF86A954}.Debug|Mixed Platforms.ActiveCfg = Debug|Any CPU
		{9ACEDD70-FDA2-44D8-A004-3A7EAF86A954}.Debug|Mixed Platforms.Build.0 = Debug|Any CPU
		{9ACEDD70-FDA2-44D8-A004-3A7EAF86A954}.Debug|x86.ActiveCfg = Debug|Any CPU
		{9ACEDD70-FDA2-44D8-A004-3A7EAF86A954}.iFASDebug|Any CPU.ActiveCfg = Debug|Any CPU
		{9ACEDD70-FDA2-44D8-A004-3A7EAF86A954}.iFASDebug|Any CPU.Build.0 = Debug|Any CPU
		{9ACEDD70-FDA2-44D8-A004-3A7EAF86A954}.iFASDebug|Mixed Platforms.ActiveCfg = Debug|Any CPU
		{9ACEDD70-FDA2-44D8-A004-3A7EAF86A954}.iFASDebug|Mixed Platforms.Build.0 = Debug|Any CPU
		{9ACEDD70-FDA2-44D8-A004-3A7EAF86A954}.iFASDebug|x86.ActiveCfg = Debug|Any CPU
		{9ACEDD70-FDA2-44D8-A004-3A7EAF86A954}.PersonalBuild|Any CPU.ActiveCfg = PersonalBuild|Any CPU
		{9ACEDD70-FDA2-44D8-A004-3A7EAF86A954}.PersonalBuild|Any CPU.Build.0 = PersonalBuild|Any CPU
		{9ACEDD70-FDA2-44D8-A004-3A7EAF86A954}.PersonalBuild|Mixed Platforms.ActiveCfg = PersonalBuild|Any CPU
		{9ACEDD70-FDA2-44D8-A004-3A7EAF86A954}.PersonalBuild|Mixed Platforms.Build.0 = PersonalBuild|Any CPU
		{9ACEDD70-FDA2-44D8-A004-3A7EAF86A954}.PersonalBuild|x86.ActiveCfg = PersonalBuild|Any CPU
		{9ACEDD70-FDA2-44D8-A004-3A7EAF86A954}.Release|Any CPU.ActiveCfg = Release|Any CPU
		{9ACEDD70-FDA2-44D8-A004-3A7EAF86A954}.Release|Any CPU.Build.0 = Release|Any CPU
		{9ACEDD70-FDA2-44D8-A004-3A7EAF86A954}.Release|Mixed Platforms.ActiveCfg = Release|Any CPU
		{9ACEDD70-FDA2-44D8-A004-3A7EAF86A954}.Release|Mixed Platforms.Build.0 = Release|Any CPU
		{9ACEDD70-FDA2-44D8-A004-3A7EAF86A954}.Release|x86.ActiveCfg = Release|Any CPU
		{9ACEDD70-FDA2-44D8-A004-3A7EAF86A954}.SIPDebug|Any CPU.ActiveCfg = Debug|Any CPU
		{9ACEDD70-FDA2-44D8-A004-3A7EAF86A954}.SIPDebug|Any CPU.Build.0 = Debug|Any CPU
		{9ACEDD70-FDA2-44D8-A004-3A7EAF86A954}.SIPDebug|Mixed Platforms.ActiveCfg = Debug|Any CPU
		{9ACEDD70-FDA2-44D8-A004-3A7EAF86A954}.SIPDebug|Mixed Platforms.Build.0 = Debug|Any CPU
		{9ACEDD70-FDA2-44D8-A004-3A7EAF86A954}.SIPDebug|x86.ActiveCfg = Debug|Any CPU
		{957C06D0-FF42-4C7A-B5E8-7E15C1522B59}.BondDebug|Any CPU.ActiveCfg = BondDebug|Any CPU
		{957C06D0-FF42-4C7A-B5E8-7E15C1522B59}.BondDebug|Any CPU.Build.0 = BondDebug|Any CPU
		{957C06D0-FF42-4C7A-B5E8-7E15C1522B59}.BondDebug|Mixed Platforms.ActiveCfg = BondDebug|Any CPU
		{957C06D0-FF42-4C7A-B5E8-7E15C1522B59}.BondDebug|Mixed Platforms.Build.0 = BondDebug|Any CPU
		{957C06D0-FF42-4C7A-B5E8-7E15C1522B59}.BondDebug|x86.ActiveCfg = BondDebug|Any CPU
		{957C06D0-FF42-4C7A-B5E8-7E15C1522B59}.Debug|Any CPU.ActiveCfg = Debug|Any CPU
		{957C06D0-FF42-4C7A-B5E8-7E15C1522B59}.Debug|Any CPU.Build.0 = Debug|Any CPU
		{957C06D0-FF42-4C7A-B5E8-7E15C1522B59}.Debug|Mixed Platforms.ActiveCfg = Debug|Any CPU
		{957C06D0-FF42-4C7A-B5E8-7E15C1522B59}.Debug|Mixed Platforms.Build.0 = Debug|Any CPU
		{957C06D0-FF42-4C7A-B5E8-7E15C1522B59}.Debug|x86.ActiveCfg = Debug|Any CPU
		{957C06D0-FF42-4C7A-B5E8-7E15C1522B59}.iFASDebug|Any CPU.ActiveCfg = iFASDebug|Any CPU
		{957C06D0-FF42-4C7A-B5E8-7E15C1522B59}.iFASDebug|Any CPU.Build.0 = iFASDebug|Any CPU
		{957C06D0-FF42-4C7A-B5E8-7E15C1522B59}.iFASDebug|Mixed Platforms.ActiveCfg = iFASDebug|Any CPU
		{957C06D0-FF42-4C7A-B5E8-7E15C1522B59}.iFASDebug|Mixed Platforms.Build.0 = iFASDebug|Any CPU
		{957C06D0-FF42-4C7A-B5E8-7E15C1522B59}.iFASDebug|x86.ActiveCfg = iFASDebug|Any CPU
		{957C06D0-FF42-4C7A-B5E8-7E15C1522B59}.PersonalBuild|Any CPU.ActiveCfg = BondDebug|Any CPU
		{957C06D0-FF42-4C7A-B5E8-7E15C1522B59}.PersonalBuild|Any CPU.Build.0 = BondDebug|Any CPU
		{957C06D0-FF42-4C7A-B5E8-7E15C1522B59}.PersonalBuild|Mixed Platforms.ActiveCfg = BondDebug|Any CPU
		{957C06D0-FF42-4C7A-B5E8-7E15C1522B59}.PersonalBuild|Mixed Platforms.Build.0 = BondDebug|Any CPU
		{957C06D0-FF42-4C7A-B5E8-7E15C1522B59}.PersonalBuild|x86.ActiveCfg = BondDebug|Any CPU
		{957C06D0-FF42-4C7A-B5E8-7E15C1522B59}.Release|Any CPU.ActiveCfg = Release|Any CPU
		{957C06D0-FF42-4C7A-B5E8-7E15C1522B59}.Release|Any CPU.Build.0 = Release|Any CPU
		{957C06D0-FF42-4C7A-B5E8-7E15C1522B59}.Release|Mixed Platforms.ActiveCfg = Release|Any CPU
		{957C06D0-FF42-4C7A-B5E8-7E15C1522B59}.Release|Mixed Platforms.Build.0 = Release|Any CPU
		{957C06D0-FF42-4C7A-B5E8-7E15C1522B59}.Release|x86.ActiveCfg = Release|Any CPU
		{957C06D0-FF42-4C7A-B5E8-7E15C1522B59}.SIPDebug|Any CPU.ActiveCfg = SIPDebug|Any CPU
		{957C06D0-FF42-4C7A-B5E8-7E15C1522B59}.SIPDebug|Any CPU.Build.0 = SIPDebug|Any CPU
		{957C06D0-FF42-4C7A-B5E8-7E15C1522B59}.SIPDebug|Mixed Platforms.ActiveCfg = SIPDebug|Any CPU
		{957C06D0-FF42-4C7A-B5E8-7E15C1522B59}.SIPDebug|Mixed Platforms.Build.0 = SIPDebug|Any CPU
		{957C06D0-FF42-4C7A-B5E8-7E15C1522B59}.SIPDebug|x86.ActiveCfg = SIPDebug|Any CPU
		{A361725C-859E-4C35-AA0C-8DFC1F244350}.BondDebug|Any CPU.ActiveCfg = Debug|Any CPU
		{A361725C-859E-4C35-AA0C-8DFC1F244350}.BondDebug|Any CPU.Build.0 = Debug|Any CPU
		{A361725C-859E-4C35-AA0C-8DFC1F244350}.BondDebug|Mixed Platforms.ActiveCfg = Debug|Any CPU
		{A361725C-859E-4C35-AA0C-8DFC1F244350}.BondDebug|Mixed Platforms.Build.0 = Debug|Any CPU
		{A361725C-859E-4C35-AA0C-8DFC1F244350}.BondDebug|x86.ActiveCfg = Debug|Any CPU
		{A361725C-859E-4C35-AA0C-8DFC1F244350}.Debug|Any CPU.ActiveCfg = Debug|Any CPU
		{A361725C-859E-4C35-AA0C-8DFC1F244350}.Debug|Any CPU.Build.0 = Debug|Any CPU
		{A361725C-859E-4C35-AA0C-8DFC1F244350}.Debug|Mixed Platforms.ActiveCfg = Debug|Any CPU
		{A361725C-859E-4C35-AA0C-8DFC1F244350}.Debug|Mixed Platforms.Build.0 = Debug|Any CPU
		{A361725C-859E-4C35-AA0C-8DFC1F244350}.Debug|x86.ActiveCfg = Debug|Any CPU
		{A361725C-859E-4C35-AA0C-8DFC1F244350}.iFASDebug|Any CPU.ActiveCfg = Debug|Any CPU
		{A361725C-859E-4C35-AA0C-8DFC1F244350}.iFASDebug|Any CPU.Build.0 = Debug|Any CPU
		{A361725C-859E-4C35-AA0C-8DFC1F244350}.iFASDebug|Mixed Platforms.ActiveCfg = Debug|Any CPU
		{A361725C-859E-4C35-AA0C-8DFC1F244350}.iFASDebug|Mixed Platforms.Build.0 = Debug|Any CPU
		{A361725C-859E-4C35-AA0C-8DFC1F244350}.iFASDebug|x86.ActiveCfg = Debug|Any CPU
		{A361725C-859E-4C35-AA0C-8DFC1F244350}.PersonalBuild|Any CPU.ActiveCfg = Release|Any CPU
		{A361725C-859E-4C35-AA0C-8DFC1F244350}.PersonalBuild|Any CPU.Build.0 = Release|Any CPU
		{A361725C-859E-4C35-AA0C-8DFC1F244350}.PersonalBuild|Mixed Platforms.ActiveCfg = Release|Any CPU
		{A361725C-859E-4C35-AA0C-8DFC1F244350}.PersonalBuild|Mixed Platforms.Build.0 = Release|Any CPU
		{A361725C-859E-4C35-AA0C-8DFC1F244350}.PersonalBuild|x86.ActiveCfg = Release|Any CPU
		{A361725C-859E-4C35-AA0C-8DFC1F244350}.Release|Any CPU.ActiveCfg = Release|Any CPU
		{A361725C-859E-4C35-AA0C-8DFC1F244350}.Release|Any CPU.Build.0 = Release|Any CPU
		{A361725C-859E-4C35-AA0C-8DFC1F244350}.Release|Mixed Platforms.ActiveCfg = Release|Any CPU
		{A361725C-859E-4C35-AA0C-8DFC1F244350}.Release|Mixed Platforms.Build.0 = Release|Any CPU
		{A361725C-859E-4C35-AA0C-8DFC1F244350}.Release|x86.ActiveCfg = Release|Any CPU
		{A361725C-859E-4C35-AA0C-8DFC1F244350}.SIPDebug|Any CPU.ActiveCfg = Debug|Any CPU
		{A361725C-859E-4C35-AA0C-8DFC1F244350}.SIPDebug|Any CPU.Build.0 = Debug|Any CPU
		{A361725C-859E-4C35-AA0C-8DFC1F244350}.SIPDebug|Mixed Platforms.ActiveCfg = Debug|Any CPU
		{A361725C-859E-4C35-AA0C-8DFC1F244350}.SIPDebug|Mixed Platforms.Build.0 = Debug|Any CPU
		{A361725C-859E-4C35-AA0C-8DFC1F244350}.SIPDebug|x86.ActiveCfg = Debug|Any CPU
		{AB5E4EFF-2002-4309-AE0B-EE58A1C28DF1}.BondDebug|Any CPU.ActiveCfg = BondDebug|Any CPU
		{AB5E4EFF-2002-4309-AE0B-EE58A1C28DF1}.BondDebug|Any CPU.Build.0 = BondDebug|Any CPU
		{AB5E4EFF-2002-4309-AE0B-EE58A1C28DF1}.BondDebug|Mixed Platforms.ActiveCfg = BondDebug|Any CPU
		{AB5E4EFF-2002-4309-AE0B-EE58A1C28DF1}.BondDebug|Mixed Platforms.Build.0 = BondDebug|Any CPU
		{AB5E4EFF-2002-4309-AE0B-EE58A1C28DF1}.BondDebug|x86.ActiveCfg = BondDebug|Any CPU
		{AB5E4EFF-2002-4309-AE0B-EE58A1C28DF1}.Debug|Any CPU.ActiveCfg = Debug|Any CPU
		{AB5E4EFF-2002-4309-AE0B-EE58A1C28DF1}.Debug|Any CPU.Build.0 = Debug|Any CPU
		{AB5E4EFF-2002-4309-AE0B-EE58A1C28DF1}.Debug|Mixed Platforms.ActiveCfg = Debug|Any CPU
		{AB5E4EFF-2002-4309-AE0B-EE58A1C28DF1}.Debug|Mixed Platforms.Build.0 = Debug|Any CPU
		{AB5E4EFF-2002-4309-AE0B-EE58A1C28DF1}.Debug|x86.ActiveCfg = Debug|Any CPU
		{AB5E4EFF-2002-4309-AE0B-EE58A1C28DF1}.iFASDebug|Any CPU.ActiveCfg = iFASDebug|Any CPU
		{AB5E4EFF-2002-4309-AE0B-EE58A1C28DF1}.iFASDebug|Any CPU.Build.0 = iFASDebug|Any CPU
		{AB5E4EFF-2002-4309-AE0B-EE58A1C28DF1}.iFASDebug|Mixed Platforms.ActiveCfg = iFASDebug|Any CPU
		{AB5E4EFF-2002-4309-AE0B-EE58A1C28DF1}.iFASDebug|Mixed Platforms.Build.0 = iFASDebug|Any CPU
		{AB5E4EFF-2002-4309-AE0B-EE58A1C28DF1}.iFASDebug|x86.ActiveCfg = iFASDebug|Any CPU
		{AB5E4EFF-2002-4309-AE0B-EE58A1C28DF1}.PersonalBuild|Any CPU.ActiveCfg = BondDebug|Any CPU
		{AB5E4EFF-2002-4309-AE0B-EE58A1C28DF1}.PersonalBuild|Any CPU.Build.0 = BondDebug|Any CPU
		{AB5E4EFF-2002-4309-AE0B-EE58A1C28DF1}.PersonalBuild|Mixed Platforms.ActiveCfg = BondDebug|Any CPU
		{AB5E4EFF-2002-4309-AE0B-EE58A1C28DF1}.PersonalBuild|Mixed Platforms.Build.0 = BondDebug|Any CPU
		{AB5E4EFF-2002-4309-AE0B-EE58A1C28DF1}.PersonalBuild|x86.ActiveCfg = BondDebug|Any CPU
		{AB5E4EFF-2002-4309-AE0B-EE58A1C28DF1}.Release|Any CPU.ActiveCfg = Release|Any CPU
		{AB5E4EFF-2002-4309-AE0B-EE58A1C28DF1}.Release|Any CPU.Build.0 = Release|Any CPU
		{AB5E4EFF-2002-4309-AE0B-EE58A1C28DF1}.Release|Mixed Platforms.ActiveCfg = Release|Any CPU
		{AB5E4EFF-2002-4309-AE0B-EE58A1C28DF1}.Release|Mixed Platforms.Build.0 = Release|Any CPU
		{AB5E4EFF-2002-4309-AE0B-EE58A1C28DF1}.Release|x86.ActiveCfg = Release|Any CPU
		{AB5E4EFF-2002-4309-AE0B-EE58A1C28DF1}.SIPDebug|Any CPU.ActiveCfg = SIPDebug|Any CPU
		{AB5E4EFF-2002-4309-AE0B-EE58A1C28DF1}.SIPDebug|Any CPU.Build.0 = SIPDebug|Any CPU
		{AB5E4EFF-2002-4309-AE0B-EE58A1C28DF1}.SIPDebug|Mixed Platforms.ActiveCfg = SIPDebug|Any CPU
		{AB5E4EFF-2002-4309-AE0B-EE58A1C28DF1}.SIPDebug|Mixed Platforms.Build.0 = SIPDebug|Any CPU
		{AB5E4EFF-2002-4309-AE0B-EE58A1C28DF1}.SIPDebug|x86.ActiveCfg = SIPDebug|Any CPU
		{B73156C2-7034-4DEA-A308-5E1782FF8DB4}.BondDebug|Any CPU.ActiveCfg = Debug|Any CPU
		{B73156C2-7034-4DEA-A308-5E1782FF8DB4}.BondDebug|Any CPU.Build.0 = Debug|Any CPU
		{B73156C2-7034-4DEA-A308-5E1782FF8DB4}.BondDebug|Mixed Platforms.ActiveCfg = Debug|Any CPU
		{B73156C2-7034-4DEA-A308-5E1782FF8DB4}.BondDebug|Mixed Platforms.Build.0 = Debug|Any CPU
		{B73156C2-7034-4DEA-A308-5E1782FF8DB4}.BondDebug|x86.ActiveCfg = Debug|Any CPU
		{B73156C2-7034-4DEA-A308-5E1782FF8DB4}.Debug|Any CPU.ActiveCfg = Debug|Any CPU
		{B73156C2-7034-4DEA-A308-5E1782FF8DB4}.Debug|Any CPU.Build.0 = Debug|Any CPU
		{B73156C2-7034-4DEA-A308-5E1782FF8DB4}.Debug|Mixed Platforms.ActiveCfg = Debug|Any CPU
		{B73156C2-7034-4DEA-A308-5E1782FF8DB4}.Debug|Mixed Platforms.Build.0 = Debug|Any CPU
		{B73156C2-7034-4DEA-A308-5E1782FF8DB4}.Debug|x86.ActiveCfg = Debug|Any CPU
		{B73156C2-7034-4DEA-A308-5E1782FF8DB4}.iFASDebug|Any CPU.ActiveCfg = Debug|Any CPU
		{B73156C2-7034-4DEA-A308-5E1782FF8DB4}.iFASDebug|Any CPU.Build.0 = Debug|Any CPU
		{B73156C2-7034-4DEA-A308-5E1782FF8DB4}.iFASDebug|Mixed Platforms.ActiveCfg = Debug|Any CPU
		{B73156C2-7034-4DEA-A308-5E1782FF8DB4}.iFASDebug|Mixed Platforms.Build.0 = Debug|Any CPU
		{B73156C2-7034-4DEA-A308-5E1782FF8DB4}.iFASDebug|x86.ActiveCfg = Debug|Any CPU
		{B73156C2-7034-4DEA-A308-5E1782FF8DB4}.PersonalBuild|Any CPU.ActiveCfg = PersonalBuild|Any CPU
		{B73156C2-7034-4DEA-A308-5E1782FF8DB4}.PersonalBuild|Any CPU.Build.0 = PersonalBuild|Any CPU
		{B73156C2-7034-4DEA-A308-5E1782FF8DB4}.PersonalBuild|Mixed Platforms.ActiveCfg = PersonalBuild|Any CPU
		{B73156C2-7034-4DEA-A308-5E1782FF8DB4}.PersonalBuild|Mixed Platforms.Build.0 = PersonalBuild|Any CPU
		{B73156C2-7034-4DEA-A308-5E1782FF8DB4}.PersonalBuild|x86.ActiveCfg = PersonalBuild|Any CPU
		{B73156C2-7034-4DEA-A308-5E1782FF8DB4}.Release|Any CPU.ActiveCfg = Release|Any CPU
		{B73156C2-7034-4DEA-A308-5E1782FF8DB4}.Release|Any CPU.Build.0 = Release|Any CPU
		{B73156C2-7034-4DEA-A308-5E1782FF8DB4}.Release|Mixed Platforms.ActiveCfg = Release|Any CPU
		{B73156C2-7034-4DEA-A308-5E1782FF8DB4}.Release|Mixed Platforms.Build.0 = Release|Any CPU
		{B73156C2-7034-4DEA-A308-5E1782FF8DB4}.Release|x86.ActiveCfg = Release|Any CPU
		{B73156C2-7034-4DEA-A308-5E1782FF8DB4}.SIPDebug|Any CPU.ActiveCfg = Debug|Any CPU
		{B73156C2-7034-4DEA-A308-5E1782FF8DB4}.SIPDebug|Any CPU.Build.0 = Debug|Any CPU
		{B73156C2-7034-4DEA-A308-5E1782FF8DB4}.SIPDebug|Mixed Platforms.ActiveCfg = Debug|Any CPU
		{B73156C2-7034-4DEA-A308-5E1782FF8DB4}.SIPDebug|Mixed Platforms.Build.0 = Debug|Any CPU
		{B73156C2-7034-4DEA-A308-5E1782FF8DB4}.SIPDebug|x86.ActiveCfg = Debug|Any CPU
		{455CD3A5-79BA-480A-B9BD-D4A7DDA397A8}.BondDebug|Any CPU.ActiveCfg = Debug|Any CPU
		{455CD3A5-79BA-480A-B9BD-D4A7DDA397A8}.BondDebug|Any CPU.Build.0 = Debug|Any CPU
		{455CD3A5-79BA-480A-B9BD-D4A7DDA397A8}.BondDebug|Mixed Platforms.ActiveCfg = Debug|Any CPU
		{455CD3A5-79BA-480A-B9BD-D4A7DDA397A8}.BondDebug|Mixed Platforms.Build.0 = Debug|Any CPU
		{455CD3A5-79BA-480A-B9BD-D4A7DDA397A8}.BondDebug|x86.ActiveCfg = Debug|Any CPU
		{455CD3A5-79BA-480A-B9BD-D4A7DDA397A8}.Debug|Any CPU.ActiveCfg = Debug|Any CPU
		{455CD3A5-79BA-480A-B9BD-D4A7DDA397A8}.Debug|Any CPU.Build.0 = Debug|Any CPU
		{455CD3A5-79BA-480A-B9BD-D4A7DDA397A8}.Debug|Mixed Platforms.ActiveCfg = Debug|Any CPU
		{455CD3A5-79BA-480A-B9BD-D4A7DDA397A8}.Debug|Mixed Platforms.Build.0 = Debug|Any CPU
		{455CD3A5-79BA-480A-B9BD-D4A7DDA397A8}.Debug|x86.ActiveCfg = Debug|Any CPU
		{455CD3A5-79BA-480A-B9BD-D4A7DDA397A8}.iFASDebug|Any CPU.ActiveCfg = Debug|Any CPU
		{455CD3A5-79BA-480A-B9BD-D4A7DDA397A8}.iFASDebug|Any CPU.Build.0 = Debug|Any CPU
		{455CD3A5-79BA-480A-B9BD-D4A7DDA397A8}.iFASDebug|Mixed Platforms.ActiveCfg = Debug|Any CPU
		{455CD3A5-79BA-480A-B9BD-D4A7DDA397A8}.iFASDebug|Mixed Platforms.Build.0 = Debug|Any CPU
		{455CD3A5-79BA-480A-B9BD-D4A7DDA397A8}.iFASDebug|x86.ActiveCfg = Debug|Any CPU
		{455CD3A5-79BA-480A-B9BD-D4A7DDA397A8}.PersonalBuild|Any CPU.ActiveCfg = PersonalBuild|Any CPU
		{455CD3A5-79BA-480A-B9BD-D4A7DDA397A8}.PersonalBuild|Any CPU.Build.0 = PersonalBuild|Any CPU
		{455CD3A5-79BA-480A-B9BD-D4A7DDA397A8}.PersonalBuild|Mixed Platforms.ActiveCfg = PersonalBuild|Any CPU
		{455CD3A5-79BA-480A-B9BD-D4A7DDA397A8}.PersonalBuild|Mixed Platforms.Build.0 = PersonalBuild|Any CPU
		{455CD3A5-79BA-480A-B9BD-D4A7DDA397A8}.PersonalBuild|x86.ActiveCfg = PersonalBuild|Any CPU
		{455CD3A5-79BA-480A-B9BD-D4A7DDA397A8}.Release|Any CPU.ActiveCfg = Release|Any CPU
		{455CD3A5-79BA-480A-B9BD-D4A7DDA397A8}.Release|Any CPU.Build.0 = Release|Any CPU
		{455CD3A5-79BA-480A-B9BD-D4A7DDA397A8}.Release|Mixed Platforms.ActiveCfg = Release|Any CPU
		{455CD3A5-79BA-480A-B9BD-D4A7DDA397A8}.Release|Mixed Platforms.Build.0 = Release|Any CPU
		{455CD3A5-79BA-480A-B9BD-D4A7DDA397A8}.Release|x86.ActiveCfg = Release|Any CPU
		{455CD3A5-79BA-480A-B9BD-D4A7DDA397A8}.SIPDebug|Any CPU.ActiveCfg = Debug|Any CPU
		{455CD3A5-79BA-480A-B9BD-D4A7DDA397A8}.SIPDebug|Any CPU.Build.0 = Debug|Any CPU
		{455CD3A5-79BA-480A-B9BD-D4A7DDA397A8}.SIPDebug|Mixed Platforms.ActiveCfg = Debug|Any CPU
		{455CD3A5-79BA-480A-B9BD-D4A7DDA397A8}.SIPDebug|Mixed Platforms.Build.0 = Debug|Any CPU
		{455CD3A5-79BA-480A-B9BD-D4A7DDA397A8}.SIPDebug|x86.ActiveCfg = Debug|Any CPU
		{B490EA92-2990-4CBB-B58B-12901AFCCCB5}.BondDebug|Any CPU.ActiveCfg = Debug|Any CPU
		{B490EA92-2990-4CBB-B58B-12901AFCCCB5}.BondDebug|Any CPU.Build.0 = Debug|Any CPU
		{B490EA92-2990-4CBB-B58B-12901AFCCCB5}.BondDebug|Mixed Platforms.ActiveCfg = Debug|Any CPU
		{B490EA92-2990-4CBB-B58B-12901AFCCCB5}.BondDebug|Mixed Platforms.Build.0 = Debug|Any CPU
		{B490EA92-2990-4CBB-B58B-12901AFCCCB5}.BondDebug|x86.ActiveCfg = Debug|Any CPU
		{B490EA92-2990-4CBB-B58B-12901AFCCCB5}.Debug|Any CPU.ActiveCfg = Debug|Any CPU
		{B490EA92-2990-4CBB-B58B-12901AFCCCB5}.Debug|Any CPU.Build.0 = Debug|Any CPU
		{B490EA92-2990-4CBB-B58B-12901AFCCCB5}.Debug|Mixed Platforms.ActiveCfg = Debug|Any CPU
		{B490EA92-2990-4CBB-B58B-12901AFCCCB5}.Debug|Mixed Platforms.Build.0 = Debug|Any CPU
		{B490EA92-2990-4CBB-B58B-12901AFCCCB5}.Debug|x86.ActiveCfg = Debug|Any CPU
		{B490EA92-2990-4CBB-B58B-12901AFCCCB5}.iFASDebug|Any CPU.ActiveCfg = Debug|Any CPU
		{B490EA92-2990-4CBB-B58B-12901AFCCCB5}.iFASDebug|Any CPU.Build.0 = Debug|Any CPU
		{B490EA92-2990-4CBB-B58B-12901AFCCCB5}.iFASDebug|Mixed Platforms.ActiveCfg = Debug|Any CPU
		{B490EA92-2990-4CBB-B58B-12901AFCCCB5}.iFASDebug|Mixed Platforms.Build.0 = Debug|Any CPU
		{B490EA92-2990-4CBB-B58B-12901AFCCCB5}.iFASDebug|x86.ActiveCfg = Debug|Any CPU
		{B490EA92-2990-4CBB-B58B-12901AFCCCB5}.PersonalBuild|Any CPU.ActiveCfg = PersonalBuild|Any CPU
		{B490EA92-2990-4CBB-B58B-12901AFCCCB5}.PersonalBuild|Any CPU.Build.0 = PersonalBuild|Any CPU
		{B490EA92-2990-4CBB-B58B-12901AFCCCB5}.PersonalBuild|Mixed Platforms.ActiveCfg = PersonalBuild|Any CPU
		{B490EA92-2990-4CBB-B58B-12901AFCCCB5}.PersonalBuild|Mixed Platforms.Build.0 = PersonalBuild|Any CPU
		{B490EA92-2990-4CBB-B58B-12901AFCCCB5}.PersonalBuild|x86.ActiveCfg = PersonalBuild|Any CPU
		{B490EA92-2990-4CBB-B58B-12901AFCCCB5}.Release|Any CPU.ActiveCfg = Release|Any CPU
		{B490EA92-2990-4CBB-B58B-12901AFCCCB5}.Release|Any CPU.Build.0 = Release|Any CPU
		{B490EA92-2990-4CBB-B58B-12901AFCCCB5}.Release|Mixed Platforms.ActiveCfg = Release|Any CPU
		{B490EA92-2990-4CBB-B58B-12901AFCCCB5}.Release|Mixed Platforms.Build.0 = Release|Any CPU
		{B490EA92-2990-4CBB-B58B-12901AFCCCB5}.Release|x86.ActiveCfg = Release|Any CPU
		{B490EA92-2990-4CBB-B58B-12901AFCCCB5}.SIPDebug|Any CPU.ActiveCfg = Debug|Any CPU
		{B490EA92-2990-4CBB-B58B-12901AFCCCB5}.SIPDebug|Any CPU.Build.0 = Debug|Any CPU
		{B490EA92-2990-4CBB-B58B-12901AFCCCB5}.SIPDebug|Mixed Platforms.ActiveCfg = Debug|Any CPU
		{B490EA92-2990-4CBB-B58B-12901AFCCCB5}.SIPDebug|Mixed Platforms.Build.0 = Debug|Any CPU
		{B490EA92-2990-4CBB-B58B-12901AFCCCB5}.SIPDebug|x86.ActiveCfg = Debug|Any CPU
		{0ADF180C-9644-4B81-ABB6-93FEE0C11A01}.BondDebug|Any CPU.ActiveCfg = Debug|Any CPU
		{0ADF180C-9644-4B81-ABB6-93FEE0C11A01}.BondDebug|Any CPU.Build.0 = Debug|Any CPU
		{0ADF180C-9644-4B81-ABB6-93FEE0C11A01}.BondDebug|Mixed Platforms.ActiveCfg = Debug|Any CPU
		{0ADF180C-9644-4B81-ABB6-93FEE0C11A01}.BondDebug|Mixed Platforms.Build.0 = Debug|Any CPU
		{0ADF180C-9644-4B81-ABB6-93FEE0C11A01}.BondDebug|x86.ActiveCfg = Debug|Any CPU
		{0ADF180C-9644-4B81-ABB6-93FEE0C11A01}.Debug|Any CPU.ActiveCfg = Debug|Any CPU
		{0ADF180C-9644-4B81-ABB6-93FEE0C11A01}.Debug|Any CPU.Build.0 = Debug|Any CPU
		{0ADF180C-9644-4B81-ABB6-93FEE0C11A01}.Debug|Mixed Platforms.ActiveCfg = Debug|Any CPU
		{0ADF180C-9644-4B81-ABB6-93FEE0C11A01}.Debug|Mixed Platforms.Build.0 = Debug|Any CPU
		{0ADF180C-9644-4B81-ABB6-93FEE0C11A01}.Debug|x86.ActiveCfg = Debug|Any CPU
		{0ADF180C-9644-4B81-ABB6-93FEE0C11A01}.iFASDebug|Any CPU.ActiveCfg = Debug|Any CPU
		{0ADF180C-9644-4B81-ABB6-93FEE0C11A01}.iFASDebug|Any CPU.Build.0 = Debug|Any CPU
		{0ADF180C-9644-4B81-ABB6-93FEE0C11A01}.iFASDebug|Mixed Platforms.ActiveCfg = Debug|Any CPU
		{0ADF180C-9644-4B81-ABB6-93FEE0C11A01}.iFASDebug|Mixed Platforms.Build.0 = Debug|Any CPU
		{0ADF180C-9644-4B81-ABB6-93FEE0C11A01}.iFASDebug|x86.ActiveCfg = Debug|Any CPU
		{0ADF180C-9644-4B81-ABB6-93FEE0C11A01}.PersonalBuild|Any CPU.ActiveCfg = Release|Any CPU
		{0ADF180C-9644-4B81-ABB6-93FEE0C11A01}.PersonalBuild|Any CPU.Build.0 = Release|Any CPU
		{0ADF180C-9644-4B81-ABB6-93FEE0C11A01}.PersonalBuild|Mixed Platforms.ActiveCfg = Release|Any CPU
		{0ADF180C-9644-4B81-ABB6-93FEE0C11A01}.PersonalBuild|Mixed Platforms.Build.0 = Release|Any CPU
		{0ADF180C-9644-4B81-ABB6-93FEE0C11A01}.PersonalBuild|x86.ActiveCfg = Release|Any CPU
		{0ADF180C-9644-4B81-ABB6-93FEE0C11A01}.Release|Any CPU.ActiveCfg = Release|Any CPU
		{0ADF180C-9644-4B81-ABB6-93FEE0C11A01}.Release|Any CPU.Build.0 = Release|Any CPU
		{0ADF180C-9644-4B81-ABB6-93FEE0C11A01}.Release|Mixed Platforms.ActiveCfg = Release|Any CPU
		{0ADF180C-9644-4B81-ABB6-93FEE0C11A01}.Release|Mixed Platforms.Build.0 = Release|Any CPU
		{0ADF180C-9644-4B81-ABB6-93FEE0C11A01}.Release|x86.ActiveCfg = Release|Any CPU
		{0ADF180C-9644-4B81-ABB6-93FEE0C11A01}.SIPDebug|Any CPU.ActiveCfg = Debug|Any CPU
		{0ADF180C-9644-4B81-ABB6-93FEE0C11A01}.SIPDebug|Any CPU.Build.0 = Debug|Any CPU
		{0ADF180C-9644-4B81-ABB6-93FEE0C11A01}.SIPDebug|Mixed Platforms.ActiveCfg = Debug|Any CPU
		{0ADF180C-9644-4B81-ABB6-93FEE0C11A01}.SIPDebug|Mixed Platforms.Build.0 = Debug|Any CPU
		{0ADF180C-9644-4B81-ABB6-93FEE0C11A01}.SIPDebug|x86.ActiveCfg = Debug|Any CPU
		{B91F4BE2-5024-4012-A4A8-4E52E8609778}.BondDebug|Any CPU.ActiveCfg = Debug|x86
		{B91F4BE2-5024-4012-A4A8-4E52E8609778}.BondDebug|Mixed Platforms.ActiveCfg = Debug|x86
		{B91F4BE2-5024-4012-A4A8-4E52E8609778}.BondDebug|Mixed Platforms.Build.0 = Debug|x86
		{B91F4BE2-5024-4012-A4A8-4E52E8609778}.BondDebug|x86.ActiveCfg = Debug|x86
		{B91F4BE2-5024-4012-A4A8-4E52E8609778}.BondDebug|x86.Build.0 = Debug|x86
		{B91F4BE2-5024-4012-A4A8-4E52E8609778}.Debug|Any CPU.ActiveCfg = Debug|x86
		{B91F4BE2-5024-4012-A4A8-4E52E8609778}.Debug|Mixed Platforms.ActiveCfg = Debug|x86
		{B91F4BE2-5024-4012-A4A8-4E52E8609778}.Debug|Mixed Platforms.Build.0 = Debug|x86
		{B91F4BE2-5024-4012-A4A8-4E52E8609778}.Debug|x86.ActiveCfg = Debug|x86
		{B91F4BE2-5024-4012-A4A8-4E52E8609778}.Debug|x86.Build.0 = Debug|x86
		{B91F4BE2-5024-4012-A4A8-4E52E8609778}.iFASDebug|Any CPU.ActiveCfg = Debug|x86
		{B91F4BE2-5024-4012-A4A8-4E52E8609778}.iFASDebug|Mixed Platforms.ActiveCfg = Debug|x86
		{B91F4BE2-5024-4012-A4A8-4E52E8609778}.iFASDebug|Mixed Platforms.Build.0 = Debug|x86
		{B91F4BE2-5024-4012-A4A8-4E52E8609778}.iFASDebug|x86.ActiveCfg = Debug|x86
		{B91F4BE2-5024-4012-A4A8-4E52E8609778}.iFASDebug|x86.Build.0 = Debug|x86
		{B91F4BE2-5024-4012-A4A8-4E52E8609778}.PersonalBuild|Any CPU.ActiveCfg = Release|x86
		{B91F4BE2-5024-4012-A4A8-4E52E8609778}.PersonalBuild|Mixed Platforms.ActiveCfg = Release|x86
		{B91F4BE2-5024-4012-A4A8-4E52E8609778}.PersonalBuild|Mixed Platforms.Build.0 = Release|x86
		{B91F4BE2-5024-4012-A4A8-4E52E8609778}.PersonalBuild|x86.ActiveCfg = Release|x86
		{B91F4BE2-5024-4012-A4A8-4E52E8609778}.PersonalBuild|x86.Build.0 = Release|x86
		{B91F4BE2-5024-4012-A4A8-4E52E8609778}.Release|Any CPU.ActiveCfg = Release|x86
		{B91F4BE2-5024-4012-A4A8-4E52E8609778}.Release|Mixed Platforms.ActiveCfg = Release|x86
		{B91F4BE2-5024-4012-A4A8-4E52E8609778}.Release|Mixed Platforms.Build.0 = Release|x86
		{B91F4BE2-5024-4012-A4A8-4E52E8609778}.Release|x86.ActiveCfg = Release|x86
		{B91F4BE2-5024-4012-A4A8-4E52E8609778}.Release|x86.Build.0 = Release|x86
		{B91F4BE2-5024-4012-A4A8-4E52E8609778}.SIPDebug|Any CPU.ActiveCfg = Debug|x86
		{B91F4BE2-5024-4012-A4A8-4E52E8609778}.SIPDebug|Mixed Platforms.ActiveCfg = Debug|x86
		{B91F4BE2-5024-4012-A4A8-4E52E8609778}.SIPDebug|Mixed Platforms.Build.0 = Debug|x86
		{B91F4BE2-5024-4012-A4A8-4E52E8609778}.SIPDebug|x86.ActiveCfg = Debug|x86
		{B91F4BE2-5024-4012-A4A8-4E52E8609778}.SIPDebug|x86.Build.0 = Debug|x86
	EndGlobalSection
	GlobalSection(SolutionProperties) = preSolution
		HideSolutionNode = FALSE
	EndGlobalSection
EndGlobal
